
Microsoft Visual Studio Solution File, Format Version 12.00
# Visual Studio Version 16
VisualStudioVersion = 16.0.30907.101
MinimumVisualStudioVersion = 10.0.40219.1
Project("{2150E333-8FDC-42A3-9474-1A3956D46DE8}") = "Solution Items", "Solution Items", "{D5EE2712-D69E-44EC-B375-86AFC9CA4D55}"
	ProjectSection(SolutionItems) = preProject
		LICENSE.md = LICENSE.md
		README.md = README.md
	EndProjectSection
EndProject
Project("{FAE04EC0-301F-11D3-BF4B-00C04F79EFBC}") = "SharpExtractor", "SharpExtractor\SharpExtractor.csproj", "{DEDE5339-C50A-423B-B026-F7FC9C0E51C7}"
EndProject
Global
	GlobalSection(SolutionConfigurationPlatforms) = preSolution
		Debug|Any CPU = Debug|Any CPU
		Release|Any CPU = Release|Any CPU
	EndGlobalSection
	GlobalSection(ProjectConfigurationPlatforms) = postSolution
		{DEDE5339-C50A-423B-B026-F7FC9C0E51C7}.Debug|Any CPU.ActiveCfg = Debug|Any CPU
		{DEDE5339-C50A-423B-B026-F7FC9C0E51C7}.Debug|Any CPU.Build.0 = Debug|Any CPU
		{DEDE5339-C50A-423B-B026-F7FC9C0E51C7}.Release|Any CPU.ActiveCfg = Release|Any CPU
		{DEDE5339-C50A-423B-B026-F7FC9C0E51C7}.Release|Any CPU.Build.0 = Release|Any CPU
	EndGlobalSection
	GlobalSection(SolutionProperties) = preSolution
		HideSolutionNode = FALSE
	EndGlobalSection
	GlobalSection(ExtensibilityGlobals) = postSolution
		SolutionGuid = {4768949C-4894-4551-B87C-CC53C50038F8}
	EndGlobalSection
EndGlobal
